
Microsoft Visual Studio Solution File, Format Version 12.00
# Visual Studio Version 16
VisualStudioVersion = 16.0.29609.76
MinimumVisualStudioVersion = 10.0.40219.1
Project("{9A19103F-16F7-4668-BE54-9A1E7A4F7556}") = "AspNetCore.ReCaptcha", "AspNetCore.ReCaptcha\AspNetCore.ReCaptcha.csproj", "{7D4989AC-7626-43CD-A6F8-67B36FD16611}"
EndProject
Project("{FAE04EC0-301F-11D3-BF4B-00C04F79EFBC}") = "AspNetCore.ReCaptcha.Example", "AspNetCore.ReCaptcha.Example\AspNetCore.ReCaptcha.Example.csproj", "{019D0A77-EE87-406C-B7EB-E0CB31DF2375}"
EndProject
Global
	GlobalSection(SolutionConfigurationPlatforms) = preSolution
		Debug|Any CPU = Debug|Any CPU
		Release|Any CPU = Release|Any CPU
	EndGlobalSection
	GlobalSection(ProjectConfigurationPlatforms) = postSolution
		{7D4989AC-7626-43CD-A6F8-67B36FD16611}.Debug|Any CPU.ActiveCfg = Debug|Any CPU
		{7D4989AC-7626-43CD-A6F8-67B36FD16611}.Debug|Any CPU.Build.0 = Debug|Any CPU
		{7D4989AC-7626-43CD-A6F8-67B36FD16611}.Release|Any CPU.ActiveCfg = Release|Any CPU
		{7D4989AC-7626-43CD-A6F8-67B36FD16611}.Release|Any CPU.Build.0 = Release|Any CPU
		{019D0A77-EE87-406C-B7EB-E0CB31DF2375}.Debug|Any CPU.ActiveCfg = Debug|Any CPU
		{019D0A77-EE87-406C-B7EB-E0CB31DF2375}.Debug|Any CPU.Build.0 = Debug|Any CPU
		{019D0A77-EE87-406C-B7EB-E0CB31DF2375}.Release|Any CPU.ActiveCfg = Release|Any CPU
		{019D0A77-EE87-406C-B7EB-E0CB31DF2375}.Release|Any CPU.Build.0 = Release|Any CPU
	EndGlobalSection
	GlobalSection(SolutionProperties) = preSolution
		HideSolutionNode = FALSE
	EndGlobalSection
	GlobalSection(ExtensibilityGlobals) = postSolution
		SolutionGuid = {409CE661-9EE4-4E88-AB83-CD606C9171E6}
	EndGlobalSection
EndGlobal
